
Microsoft Visual Studio Solution File, Format Version 12.00
# Visual Studio Version 17
VisualStudioVersion = 17.14.36301.6
MinimumVisualStudioVersion = 10.0.40219.1
Project("{FAE04EC0-301F-11D3-BF4B-00C04F79EFBC}") = "SlimeMaster", "SlimeMaster\SlimeMaster.csproj", "{DA3D8D8D-532A-4A1A-B9DC-E16D07D701B2}"
EndProject
Project("{FAE04EC0-301F-11D3-BF4B-00C04F79EFBC}") = "MonoGameLibrary", "MonoGameLibrary\MonoGameLibrary.csproj", "{6E148734-A169-49DC-B96C-3F707B2FD003}"
EndProject
Global
	GlobalSection(SolutionConfigurationPlatforms) = preSolution
		Debug|Any CPU = Debug|Any CPU
		Release|Any CPU = Release|Any CPU
	EndGlobalSection
	GlobalSection(ProjectConfigurationPlatforms) = postSolution
		{DA3D8D8D-532A-4A1A-B9DC-E16D07D701B2}.Debug|Any CPU.ActiveCfg = Debug|Any CPU
		{DA3D8D8D-532A-4A1A-B9DC-E16D07D701B2}.Debug|Any CPU.Build.0 = Debug|Any CPU
		{DA3D8D8D-532A-4A1A-B9DC-E16D07D701B2}.Release|Any CPU.ActiveCfg = Release|Any CPU
		{DA3D8D8D-532A-4A1A-B9DC-E16D07D701B2}.Release|Any CPU.Build.0 = Release|Any CPU
		{6E148734-A169-49DC-B96C-3F707B2FD003}.Debug|Any CPU.ActiveCfg = Debug|Any CPU
		{6E148734-A169-49DC-B96C-3F707B2FD003}.Debug|Any CPU.Build.0 = Debug|Any CPU
		{6E148734-A169-49DC-B96C-3F707B2FD003}.Release|Any CPU.ActiveCfg = Release|Any CPU
		{6E148734-A169-49DC-B96C-3F707B2FD003}.Release|Any CPU.Build.0 = Release|Any CPU
	EndGlobalSection
	GlobalSection(SolutionProperties) = preSolution
		HideSolutionNode = FALSE
	EndGlobalSection
	GlobalSection(ExtensibilityGlobals) = postSolution
		SolutionGuid = {67771368-FEA3-4D33-8495-F494E8E1FD6F}
	EndGlobalSection
EndGlobal
